
Microsoft Visual Studio Solution File, Format Version 12.00
# Visual Studio Version 17
VisualStudioVersion = 17.2.32516.85
MinimumVisualStudioVersion = 10.0.40219.1
Project("{9A19103F-16F7-4668-BE54-9A1E7A4F7556}") = "Lab_3", "test\Lab_3.csproj", "{EF55566E-4F1A-4B1B-AD62-EC160C67F208}"
EndProject
Global
	GlobalSection(SolutionConfigurationPlatforms) = preSolution
		Debug|Any CPU = Debug|Any CPU
		Release|Any CPU = Release|Any CPU
	EndGlobalSection
	GlobalSection(ProjectConfigurationPlatforms) = postSolution
		{EF55566E-4F1A-4B1B-AD62-EC160C67F208}.Debug|Any CPU.ActiveCfg = Debug|Any CPU
		{EF55566E-4F1A-4B1B-AD62-EC160C67F208}.Debug|Any CPU.Build.0 = Debug|Any CPU
		{EF55566E-4F1A-4B1B-AD62-EC160C67F208}.Release|Any CPU.ActiveCfg = Release|Any CPU
		{EF55566E-4F1A-4B1B-AD62-EC160C67F208}.Release|Any CPU.Build.0 = Release|Any CPU
	EndGlobalSection
	GlobalSection(SolutionProperties) = preSolution
		HideSolutionNode = FALSE
	EndGlobalSection
	GlobalSection(ExtensibilityGlobals) = postSolution
		SolutionGuid = {2132FC74-935D-4828-9B91-4661FB691A34}
	EndGlobalSection
EndGlobal
